{
    "name": "cypress",
    "version": "1.0.0",
    "lockfileVersion": 3,
    "requires": true,
    "packages": {
        "": {
            "version": "1.0.0",
            "license": "ISC",
            "workspaces": [
                "./packages/*"
            ]
        },
        "node_modules/@atomico/cypress": {
            "resolved": "packages/cypress",
            "link": true
        },
        "node_modules/cypress-ct-atomico": {
            "resolved": "packages/cypress-ct-atomico",
            "link": true
        },
        "packages/cypress": {
            "name": "@atomico/cypress",
            "version": "0.1.0",
            "license": "ISC",
            "dependencies": {
                "cypress-ct-atomico": "*"
            }
        },
        "packages/cypress-ct-atomico": {
            "version": "0.0.0",
            "license": "ISC"
        }
    }
}
